
Microsoft Visual Studio Solution File, Format Version 12.00
# Visual Studio Version 17
VisualStudioVersion = 17.9.34728.123
MinimumVisualStudioVersion = 10.0.40219.1
Project("{FAE04EC0-301F-11D3-BF4B-00C04F79EFBC}") = "OverloadingMethods", "OverloadingMethods\OverloadingMethods.csproj", "{01982B23-9D70-4905-ACB2-8F11D68B93D4}"
EndProject
Global
	GlobalSection(SolutionConfigurationPlatforms) = preSolution
		Debug|Any CPU = Debug|Any CPU
		Release|Any CPU = Release|Any CPU
	EndGlobalSection
	GlobalSection(ProjectConfigurationPlatforms) = postSolution
		{01982B23-9D70-4905-ACB2-8F11D68B93D4}.Debug|Any CPU.ActiveCfg = Debug|Any CPU
		{01982B23-9D70-4905-ACB2-8F11D68B93D4}.Debug|Any CPU.Build.0 = Debug|Any CPU
		{01982B23-9D70-4905-ACB2-8F11D68B93D4}.Release|Any CPU.ActiveCfg = Release|Any CPU
		{01982B23-9D70-4905-ACB2-8F11D68B93D4}.Release|Any CPU.Build.0 = Release|Any CPU
	EndGlobalSection
	GlobalSection(SolutionProperties) = preSolution
		HideSolutionNode = FALSE
	EndGlobalSection
	GlobalSection(ExtensibilityGlobals) = postSolution
		SolutionGuid = {7B4BAF21-7A1A-47A7-9C9A-D2074F53ED38}
	EndGlobalSection
EndGlobal
